{
    "name": "node-red-project",
    "version": "0.0.1",
    "lockfileVersion": 2,
    "requires": true,
    "packages": {
        "": {
            "name": "node-red-project",
            "version": "0.0.1",
            "dependencies": {
                "node-red-contrib-bitunloader": "~0.3.7",
                "node-red-contrib-boolean-logic-ultimate": "~1.0.53",
                "node-red-contrib-queue-gate": "~1.5.5",
                "node-red-contrib-simple-gate": "~0.5.2",
                "node-red-contrib-ui-media": "~1.2.0",
                "node-red-node-ui-vega": "~0.2.1"
            }
        },
        "node_modules/bitunloader": {
            "version": "1.3.0",
            "resolved": "https://registry.npmjs.org/bitunloader/-/bitunloader-1.3.0.tgz",
            "integrity": "sha512-kjGKEH/7FHJImPlKCf0PTR2OIGdRl74mJl9zjnu5XSIqaxe9ym+Qih5m49wV5mF6+t/jb55Fwuu9V8DW7O1gAA=="
        },
        "node_modules/formidable": {
            "version": "1.2.6",
            "resolved": "https://registry.npmjs.org/formidable/-/formidable-1.2.6.tgz",
            "integrity": "sha512-KcpbcpuLNOwrEjnbpMC0gS+X8ciDoZE1kkqzat4a8vrprf+s9pKNQ/QIwWfbfs4ltgmFl3MD177SNTkve3BwGQ==",
            "deprecated": "Please upgrade to latest, formidable@v2 or formidable@v3! Check these notes: https://bit.ly/2ZEqIau",
            "funding": {
                "url": "https://ko-fi.com/tunnckoCore/commissions"
            }
        },
        "node_modules/fs": {
            "version": "0.0.1-security",
            "resolved": "https://registry.npmjs.org/fs/-/fs-0.0.1-security.tgz",
            "integrity": "sha512-3XY9e1pP0CVEUCdj5BmfIZxRBTSDycnbqhIOGec9QYtmVH2fbLpj86CFWkrNOkt/Fvty4KZG5lTglL9j/gJ87w=="
        },
        "node_modules/inherits": {
            "version": "2.0.3",
            "resolved": "https://registry.npmjs.org/inherits/-/inherits-2.0.3.tgz",
            "integrity": "sha512-x00IRNXNy63jwGkJmzPigoySHbaqpNuzKbBOmzK+g2OdZpQ9w+sxCN+VSB3ja7IAge2OP2qpfxTjeNcyjmW1uw=="
        },
        "node_modules/mime-db": {
            "version": "1.52.0",
            "resolved": "https://registry.npmjs.org/mime-db/-/mime-db-1.52.0.tgz",
            "integrity": "sha512-sPU4uV7dYlvtWJxwwxHD0PuihVNiE7TyAbQ5SWxDCB9mUYvOgroQOwYQQOKPJ8CIbE+1ETVlOoK1UC2nU3gYvg==",
            "engines": {
                "node": ">= 0.6"
            }
        },
        "node_modules/mime-types": {
            "version": "2.1.35",
            "resolved": "https://registry.npmjs.org/mime-types/-/mime-types-2.1.35.tgz",
            "integrity": "sha512-ZDY+bPm5zTTF+YpCrAU9nK0UgICYPT0QtT1NZWFv4s++TNkcgVaT0g6+4R2uI4MjQjzysHB1zxuWL50hzaeXiw==",
            "dependencies": {
                "mime-db": "1.52.0"
            },
            "engines": {
                "node": ">= 0.6"
            }
        },
        "node_modules/minimist": {
            "version": "1.2.6",
            "resolved": "https://registry.npmjs.org/minimist/-/minimist-1.2.6.tgz",
            "integrity": "sha512-Jsjnk4bw3YJqYzbdyBiNsPWHPfO++UGG749Cxs6peCu5Xg4nrena6OVxOYxrQTqww0Jmwt+Ref8rggumkTLz9Q=="
        },
        "node_modules/mkdirp": {
            "version": "0.5.6",
            "resolved": "https://registry.npmjs.org/mkdirp/-/mkdirp-0.5.6.tgz",
            "integrity": "sha512-FP+p8RB8OWpF3YZBCrP5gtADmtXApB5AMLn+vdyA+PyxCjrCs00mjyUozssO33cwDeT3wNGdLxJ5M//YqtHAJw==",
            "dependencies": {
                "minimist": "^1.2.6"
            },
            "bin": {
                "mkdirp": "bin/cmd.js"
            }
        },
        "node_modules/node-red-contrib-bitunloader": {
            "version": "0.3.7",
            "resolved": "https://registry.npmjs.org/node-red-contrib-bitunloader/-/node-red-contrib-bitunloader-0.3.7.tgz",
            "integrity": "sha512-LE6Qwx2K9JPn4osm5JwVKwhlgNP6QRi/aMVn+PMDka1gjgvFLRtJO2T5daXn7cy1K3UDPtBBR69lwpLRk4s1vQ==",
            "dependencies": {
                "bitunloader": "^1.2.1"
            }
        },
        "node_modules/node-red-contrib-boolean-logic-ultimate": {
            "version": "1.0.53",
            "resolved": "https://registry.npmjs.org/node-red-contrib-boolean-logic-ultimate/-/node-red-contrib-boolean-logic-ultimate-1.0.53.tgz",
            "integrity": "sha512-tT4TYpOVADeCV0TFiSUBPAK1mkIvV41Wkas7FkfLbkXltuEnwOcfX1G5Mw2By7mv9tVWKfxNj+Ger6u/SUoMow==",
            "dependencies": {
                "fs": "0.0.1-security",
                "path": ">=0.12.7"
            }
        },
        "node_modules/node-red-contrib-queue-gate": {
            "version": "1.5.5",
            "resolved": "https://registry.npmjs.org/node-red-contrib-queue-gate/-/node-red-contrib-queue-gate-1.5.5.tgz",
            "integrity": "sha512-eybjca0m4LjKAu26a/1tJKmBKP/EUiAV7M+i1A9rWxnaNZURzQgITH2NZDqbdOUZAIxlnAFTwwZ4pBXPyVEUJw=="
        },
        "node_modules/node-red-contrib-simple-gate": {
            "version": "0.5.2",
            "resolved": "https://registry.npmjs.org/node-red-contrib-simple-gate/-/node-red-contrib-simple-gate-0.5.2.tgz",
            "integrity": "sha512-HhsQYt4C730aqSrBIJZZtmgfVxy1qJy11JsifVfivnrT+mthWTHXj7KRJuoP53GSH2hFdohIFVaHJQ8nOURE8g=="
        },
        "node_modules/node-red-contrib-ui-media": {
            "version": "1.2.0",
            "resolved": "https://registry.npmjs.org/node-red-contrib-ui-media/-/node-red-contrib-ui-media-1.2.0.tgz",
            "integrity": "sha512-xt93/B2wKrx9Ekx+SiIv5pkqTS2GMcXG4OfdD9WDQamMByEjF3pSWc7RC+yBy0CbBSwEoQVFJsGfVsj3m/lsHg==",
            "dependencies": {
                "formidable": "^1.2.1",
                "mime-types": "^2.1.25",
                "mkdirp": "^0.5.1"
            }
        },
        "node_modules/node-red-node-ui-vega": {
            "version": "0.2.1",
            "resolved": "https://registry.npmjs.org/node-red-node-ui-vega/-/node-red-node-ui-vega-0.2.1.tgz",
            "integrity": "sha512-ny5HdYZGH7LcDpTmksjhl/3hyyN5vF9R53i1WxFxODVEdDhzZTZOjLvqjkGtqpKVw9lZHK8s4xK8zUU1KpSm0g=="
        },
        "node_modules/path": {
            "version": "0.12.7",
            "resolved": "https://registry.npmjs.org/path/-/path-0.12.7.tgz",
            "integrity": "sha512-aXXC6s+1w7otVF9UletFkFcDsJeO7lSZBPUQhtb5O0xJe8LtYhj/GxldoL09bBj9+ZmE2hNoHqQSFMN5fikh4Q==",
            "dependencies": {
                "process": "^0.11.1",
                "util": "^0.10.3"
            }
        },
        "node_modules/process": {
            "version": "0.11.10",
            "resolved": "https://registry.npmjs.org/process/-/process-0.11.10.tgz",
            "integrity": "sha512-cdGef/drWFoydD1JsMzuFf8100nZl+GT+yacc2bEced5f9Rjk4z+WtFUTBu9PhOi9j/jfmBPu0mMEY4wIdAF8A==",
            "engines": {
                "node": ">= 0.6.0"
            }
        },
        "node_modules/util": {
            "version": "0.10.4",
            "resolved": "https://registry.npmjs.org/util/-/util-0.10.4.tgz",
            "integrity": "sha512-0Pm9hTQ3se5ll1XihRic3FDIku70C+iHUdT/W926rSgHV5QgXsYbKZN8MSC3tJtSkhuROzvsQjAaFENRXr+19A==",
            "dependencies": {
                "inherits": "2.0.3"
            }
        }
    },
    "dependencies": {
        "bitunloader": {
            "version": "1.3.0",
            "resolved": "https://registry.npmjs.org/bitunloader/-/bitunloader-1.3.0.tgz",
            "integrity": "sha512-kjGKEH/7FHJImPlKCf0PTR2OIGdRl74mJl9zjnu5XSIqaxe9ym+Qih5m49wV5mF6+t/jb55Fwuu9V8DW7O1gAA=="
        },
        "formidable": {
            "version": "1.2.6",
            "resolved": "https://registry.npmjs.org/formidable/-/formidable-1.2.6.tgz",
            "integrity": "sha512-KcpbcpuLNOwrEjnbpMC0gS+X8ciDoZE1kkqzat4a8vrprf+s9pKNQ/QIwWfbfs4ltgmFl3MD177SNTkve3BwGQ=="
        },
        "fs": {
            "version": "0.0.1-security",
            "resolved": "https://registry.npmjs.org/fs/-/fs-0.0.1-security.tgz",
            "integrity": "sha512-3XY9e1pP0CVEUCdj5BmfIZxRBTSDycnbqhIOGec9QYtmVH2fbLpj86CFWkrNOkt/Fvty4KZG5lTglL9j/gJ87w=="
        },
        "inherits": {
            "version": "2.0.3",
            "resolved": "https://registry.npmjs.org/inherits/-/inherits-2.0.3.tgz",
            "integrity": "sha512-x00IRNXNy63jwGkJmzPigoySHbaqpNuzKbBOmzK+g2OdZpQ9w+sxCN+VSB3ja7IAge2OP2qpfxTjeNcyjmW1uw=="
        },
        "mime-db": {
            "version": "1.52.0",
            "resolved": "https://registry.npmjs.org/mime-db/-/mime-db-1.52.0.tgz",
            "integrity": "sha512-sPU4uV7dYlvtWJxwwxHD0PuihVNiE7TyAbQ5SWxDCB9mUYvOgroQOwYQQOKPJ8CIbE+1ETVlOoK1UC2nU3gYvg=="
        },
        "mime-types": {
            "version": "2.1.35",
            "resolved": "https://registry.npmjs.org/mime-types/-/mime-types-2.1.35.tgz",
            "integrity": "sha512-ZDY+bPm5zTTF+YpCrAU9nK0UgICYPT0QtT1NZWFv4s++TNkcgVaT0g6+4R2uI4MjQjzysHB1zxuWL50hzaeXiw==",
            "requires": {
                "mime-db": "1.52.0"
            }
        },
        "minimist": {
            "version": "1.2.6",
            "resolved": "https://registry.npmjs.org/minimist/-/minimist-1.2.6.tgz",
            "integrity": "sha512-Jsjnk4bw3YJqYzbdyBiNsPWHPfO++UGG749Cxs6peCu5Xg4nrena6OVxOYxrQTqww0Jmwt+Ref8rggumkTLz9Q=="
        },
        "mkdirp": {
            "version": "0.5.6",
            "resolved": "https://registry.npmjs.org/mkdirp/-/mkdirp-0.5.6.tgz",
            "integrity": "sha512-FP+p8RB8OWpF3YZBCrP5gtADmtXApB5AMLn+vdyA+PyxCjrCs00mjyUozssO33cwDeT3wNGdLxJ5M//YqtHAJw==",
            "requires": {
                "minimist": "^1.2.6"
            }
        },
        "node-red-contrib-bitunloader": {
            "version": "0.3.7",
            "resolved": "https://registry.npmjs.org/node-red-contrib-bitunloader/-/node-red-contrib-bitunloader-0.3.7.tgz",
            "integrity": "sha512-LE6Qwx2K9JPn4osm5JwVKwhlgNP6QRi/aMVn+PMDka1gjgvFLRtJO2T5daXn7cy1K3UDPtBBR69lwpLRk4s1vQ==",
            "requires": {
                "bitunloader": "^1.2.1"
            }
        },
        "node-red-contrib-boolean-logic-ultimate": {
            "version": "1.0.53",
            "resolved": "https://registry.npmjs.org/node-red-contrib-boolean-logic-ultimate/-/node-red-contrib-boolean-logic-ultimate-1.0.53.tgz",
            "integrity": "sha512-tT4TYpOVADeCV0TFiSUBPAK1mkIvV41Wkas7FkfLbkXltuEnwOcfX1G5Mw2By7mv9tVWKfxNj+Ger6u/SUoMow==",
            "requires": {
                "fs": "0.0.1-security",
                "path": ">=0.12.7"
            }
        },
        "node-red-contrib-queue-gate": {
            "version": "1.5.5",
            "resolved": "https://registry.npmjs.org/node-red-contrib-queue-gate/-/node-red-contrib-queue-gate-1.5.5.tgz",
            "integrity": "sha512-eybjca0m4LjKAu26a/1tJKmBKP/EUiAV7M+i1A9rWxnaNZURzQgITH2NZDqbdOUZAIxlnAFTwwZ4pBXPyVEUJw=="
        },
        "node-red-contrib-simple-gate": {
            "version": "0.5.2",
            "resolved": "https://registry.npmjs.org/node-red-contrib-simple-gate/-/node-red-contrib-simple-gate-0.5.2.tgz",
            "integrity": "sha512-HhsQYt4C730aqSrBIJZZtmgfVxy1qJy11JsifVfivnrT+mthWTHXj7KRJuoP53GSH2hFdohIFVaHJQ8nOURE8g=="
        },
        "node-red-contrib-ui-media": {
            "version": "1.2.0",
            "resolved": "https://registry.npmjs.org/node-red-contrib-ui-media/-/node-red-contrib-ui-media-1.2.0.tgz",
            "integrity": "sha512-xt93/B2wKrx9Ekx+SiIv5pkqTS2GMcXG4OfdD9WDQamMByEjF3pSWc7RC+yBy0CbBSwEoQVFJsGfVsj3m/lsHg==",
            "requires": {
                "formidable": "^1.2.1",
                "mime-types": "^2.1.25",
                "mkdirp": "^0.5.1"
            }
        },
        "node-red-node-ui-vega": {
            "version": "0.2.1",
            "resolved": "https://registry.npmjs.org/node-red-node-ui-vega/-/node-red-node-ui-vega-0.2.1.tgz",
            "integrity": "sha512-ny5HdYZGH7LcDpTmksjhl/3hyyN5vF9R53i1WxFxODVEdDhzZTZOjLvqjkGtqpKVw9lZHK8s4xK8zUU1KpSm0g=="
        },
        "path": {
            "version": "0.12.7",
            "resolved": "https://registry.npmjs.org/path/-/path-0.12.7.tgz",
            "integrity": "sha512-aXXC6s+1w7otVF9UletFkFcDsJeO7lSZBPUQhtb5O0xJe8LtYhj/GxldoL09bBj9+ZmE2hNoHqQSFMN5fikh4Q==",
            "requires": {
                "process": "^0.11.1",
                "util": "^0.10.3"
            }
        },
        "process": {
            "version": "0.11.10",
            "resolved": "https://registry.npmjs.org/process/-/process-0.11.10.tgz",
            "integrity": "sha512-cdGef/drWFoydD1JsMzuFf8100nZl+GT+yacc2bEced5f9Rjk4z+WtFUTBu9PhOi9j/jfmBPu0mMEY4wIdAF8A=="
        },
        "util": {
            "version": "0.10.4",
            "resolved": "https://registry.npmjs.org/util/-/util-0.10.4.tgz",
            "integrity": "sha512-0Pm9hTQ3se5ll1XihRic3FDIku70C+iHUdT/W926rSgHV5QgXsYbKZN8MSC3tJtSkhuROzvsQjAaFENRXr+19A==",
            "requires": {
                "inherits": "2.0.3"
            }
        }
    }
}
